
Microsoft Visual Studio Solution File, Format Version 12.00
# Visual Studio Version 17
VisualStudioVersion = 17.0.31903.59
MinimumVisualStudioVersion = 10.0.40219.1
Project("{FAE04EC0-301F-11D3-BF4B-00C04F79EFBC}") = "Basic API endpoints", "Basic API endpoints\Basic API endpoints.csproj", "{DB5D286E-BAF7-49FC-8EA0-93D445324526}"
EndProject
Global
	GlobalSection(SolutionConfigurationPlatforms) = preSolution
		Debug|Any CPU = Debug|Any CPU
		Release|Any CPU = Release|Any CPU
	EndGlobalSection
	GlobalSection(SolutionProperties) = preSolution
		HideSolutionNode = FALSE
	EndGlobalSection
	GlobalSection(ProjectConfigurationPlatforms) = postSolution
		{DB5D286E-BAF7-49FC-8EA0-93D445324526}.Debug|Any CPU.ActiveCfg = Debug|Any CPU
		{DB5D286E-BAF7-49FC-8EA0-93D445324526}.Debug|Any CPU.Build.0 = Debug|Any CPU
		{DB5D286E-BAF7-49FC-8EA0-93D445324526}.Release|Any CPU.ActiveCfg = Release|Any CPU
		{DB5D286E-BAF7-49FC-8EA0-93D445324526}.Release|Any CPU.Build.0 = Release|Any CPU
	EndGlobalSection
EndGlobal
